# generated by rye
# use `rye lock` or `rye sync` to update this lockfile
#
# last locked with the following flags:
#   pre: false
#   features: []
#   all-features: false
#   with-sources: false

-e file:.
aiohttp==3.9.5
    # via llama-index-core
    # via llama-index-legacy
aiosignal==1.3.1
    # via aiohttp
annotated-types==0.6.0
    # via pydantic
anyio==4.3.0
    # via httpx
    # via openai
attrs==23.2.0
    # via aiohttp
beautifulsoup4==4.12.3
    # via bs4
    # via llama-index-readers-file
boto3==1.34.103
    # via octoai
boto3-stubs==1.34.103
    # via types-boto3
botocore==1.34.103
    # via boto3
    # via s3transfer
botocore-stubs==1.34.94
    # via boto3-stubs
bs4==0.0.2
    # via kronos-lama
certifi==2024.2.2
    # via httpcore
    # via httpx
    # via requests
charset-normalizer==3.3.2
    # via requests
click==8.1.7
    # via nltk
dataclasses-json==0.6.6
    # via llama-index-core
    # via llama-index-legacy
deprecated==1.2.14
    # via llama-index-core
    # via llama-index-legacy
dirtyjson==1.0.8
    # via llama-index-core
    # via llama-index-legacy
distro==1.9.0
    # via openai
dnspython==2.6.1
    # via pymongo
frozenlist==1.4.1
    # via aiohttp
    # via aiosignal
fsspec==2024.3.1
    # via llama-index-core
    # via llama-index-legacy
greenlet==3.0.3
    # via sqlalchemy
h11==0.14.0
    # via httpcore
httpcore==1.0.5
    # via httpx
httpx==0.27.0
    # via llama-index-core
    # via llama-index-legacy
    # via llamaindex-py-client
    # via octoai
    # via openai
httpx-sse==0.4.0
    # via octoai
idna==3.7
    # via anyio
    # via httpx
    # via requests
    # via yarl
jmespath==1.0.1
    # via boto3
    # via botocore
joblib==1.4.2
    # via nltk
llama-index==0.10.36
    # via kronos-lama
llama-index-agent-openai==0.2.4
    # via llama-index
    # via llama-index-program-openai
llama-index-cli==0.1.12
    # via llama-index
llama-index-core==0.10.36
    # via llama-index
    # via llama-index-agent-openai
    # via llama-index-cli
    # via llama-index-embeddings-openai
    # via llama-index-indices-managed-llama-cloud
    # via llama-index-llms-openai
    # via llama-index-multi-modal-llms-openai
    # via llama-index-program-openai
    # via llama-index-question-gen-openai
    # via llama-index-readers-file
    # via llama-index-readers-llama-parse
    # via llama-parse
llama-index-embeddings-openai==0.1.9
    # via llama-index
    # via llama-index-cli
llama-index-indices-managed-llama-cloud==0.1.6
    # via llama-index
llama-index-legacy==0.9.48
    # via llama-index
llama-index-llms-openai==0.1.18
    # via llama-index
    # via llama-index-agent-openai
    # via llama-index-cli
    # via llama-index-multi-modal-llms-openai
    # via llama-index-program-openai
    # via llama-index-question-gen-openai
llama-index-multi-modal-llms-openai==0.1.5
    # via llama-index
llama-index-program-openai==0.1.6
    # via llama-index
    # via llama-index-question-gen-openai
llama-index-question-gen-openai==0.1.3
    # via llama-index
llama-index-readers-file==0.1.22
    # via llama-index
llama-index-readers-llama-parse==0.1.4
    # via llama-index
llama-parse==0.4.2
    # via llama-index-readers-llama-parse
llamaindex-py-client==0.1.19
    # via llama-index-core
    # via llama-index-indices-managed-llama-cloud
marshmallow==3.21.2
    # via dataclasses-json
multidict==6.0.5
    # via aiohttp
    # via yarl
mypy-extensions==1.0.0
    # via typing-inspect
nest-asyncio==1.6.0
    # via llama-index-core
    # via llama-index-legacy
networkx==3.3
    # via llama-index-core
    # via llama-index-legacy
nltk==3.8.1
    # via llama-index-core
    # via llama-index-legacy
numpy==1.26.4
    # via llama-index-core
    # via llama-index-legacy
    # via pandas
octoai==1.0.2
    # via kronos-lama
openai==1.28.1
    # via llama-index-agent-openai
    # via llama-index-core
    # via llama-index-legacy
packaging==24.0
    # via marshmallow
pandas==2.2.2
    # via llama-index-core
    # via llama-index-legacy
pillow==10.3.0
    # via llama-index-core
pip==24.0
    # via kronos-lama
pydantic==2.7.1
    # via llamaindex-py-client
    # via octoai
    # via openai
pydantic-core==2.18.2
    # via pydantic
pymongo==4.7.2
    # via kronos-lama
pypdf==4.2.0
    # via llama-index-readers-file
python-dateutil==2.9.0.post0
    # via botocore
    # via pandas
pytz==2024.1
    # via pandas
pyyaml==6.0.1
    # via llama-index-core
regex==2024.5.10
    # via nltk
    # via tiktoken
requests==2.31.0
    # via kronos-lama
    # via llama-index-core
    # via llama-index-legacy
    # via tiktoken
s3transfer==0.10.1
    # via boto3
six==1.16.0
    # via python-dateutil
sniffio==1.3.1
    # via anyio
    # via httpx
    # via openai
soupsieve==2.5
    # via beautifulsoup4
sqlalchemy==2.0.30
    # via llama-index-core
    # via llama-index-legacy
striprtf==0.0.26
    # via llama-index-readers-file
tenacity==8.3.0
    # via llama-index-core
    # via llama-index-legacy
tiktoken==0.6.0
    # via llama-index-core
    # via llama-index-legacy
tqdm==4.66.4
    # via llama-index-core
    # via nltk
    # via openai
types-awscrt==0.20.9
    # via botocore-stubs
types-boto3==1.0.2
    # via octoai
types-s3transfer==0.10.1
    # via boto3-stubs
typing-extensions==4.11.0
    # via llama-index-core
    # via llama-index-legacy
    # via octoai
    # via openai
    # via pydantic
    # via pydantic-core
    # via sqlalchemy
    # via typing-inspect
typing-inspect==0.9.0
    # via dataclasses-json
    # via llama-index-core
    # via llama-index-legacy
tzdata==2024.1
    # via pandas
urllib3==2.2.1
    # via botocore
    # via requests
wrapt==1.16.0
    # via deprecated
    # via llama-index-core
yarl==1.9.4
    # via aiohttp
