# generated by rye
# use `rye lock` or `rye sync` to update this lockfile
#
# last locked with the following flags:
#   pre: false
#   features: []
#   all-features: false
#   with-sources: false

-e file:.
annotated-types==0.6.0
    # via pydantic
anyio==4.3.0
    # via httpx
beautifulsoup4==4.12.3
    # via bs4
boto3==1.34.103
    # via octoai
boto3-stubs==1.34.103
    # via types-boto3
botocore==1.34.103
    # via boto3
    # via s3transfer
botocore-stubs==1.34.94
    # via boto3-stubs
bs4==0.0.2
    # via kronos-lama
certifi==2024.2.2
    # via httpcore
    # via httpx
    # via requests
charset-normalizer==3.3.2
    # via requests
h11==0.14.0
    # via httpcore
httpcore==1.0.5
    # via httpx
httpx==0.27.0
    # via octoai
httpx-sse==0.4.0
    # via octoai
idna==3.7
    # via anyio
    # via httpx
    # via requests
jmespath==1.0.1
    # via boto3
    # via botocore
octoai==1.0.2
    # via kronos-lama
pydantic==2.7.1
    # via octoai
pydantic-core==2.18.2
    # via pydantic
python-dateutil==2.9.0.post0
    # via botocore
requests==2.31.0
    # via kronos-lama
s3transfer==0.10.1
    # via boto3
six==1.16.0
    # via python-dateutil
sniffio==1.3.1
    # via anyio
    # via httpx
soupsieve==2.5
    # via beautifulsoup4
types-awscrt==0.20.9
    # via botocore-stubs
types-boto3==1.0.2
    # via octoai
types-s3transfer==0.10.1
    # via boto3-stubs
typing-extensions==4.11.0
    # via octoai
    # via pydantic
    # via pydantic-core
urllib3==2.2.1
    # via botocore
    # via requests
